
Microsoft Visual Studio Solution File, Format Version 12.00
# Visual Studio Version 17
Project("{2150E333-8FDC-42A3-9474-1A3956D46DE8}") = "CMakePredefinedTargets", "CMakePredefinedTargets", "{95D26B37-2861-3717-A589-990B09E4C777}"
EndProject
Project("{8BC9CEB8-8B4A-11D0-8D11-00A0C91BC942}") = "ALL_BUILD", "ALL_BUILD.vcxproj", "{10BB28EF-A44A-3E5B-A80F-309EB88CB176}"
	ProjectSection(ProjectDependencies) = postProject
		{6540177F-E8BB-3DCB-8801-F097A3F3F159} = {6540177F-E8BB-3DCB-8801-F097A3F3F159}
		{A346D386-C25E-3E54-9B92-46B26B315C81} = {A346D386-C25E-3E54-9B92-46B26B315C81}
		{B1809B88-B1EC-33FE-91DA-49287037693D} = {B1809B88-B1EC-33FE-91DA-49287037693D}
		{8139573F-80C2-310F-94E0-EA3FA7DBE51A} = {8139573F-80C2-310F-94E0-EA3FA7DBE51A}
		{8E39A82B-6A7E-3637-B4B3-E0DFF876DD80} = {8E39A82B-6A7E-3637-B4B3-E0DFF876DD80}
		{84C01708-FD07-3409-B202-58EFD2D2E5DA} = {84C01708-FD07-3409-B202-58EFD2D2E5DA}
		{B6DAD5FB-84AA-38D3-AEA6-5D64D491C55E} = {B6DAD5FB-84AA-38D3-AEA6-5D64D491C55E}
		{06084B92-32B6-3357-9132-BAC9884537C4} = {06084B92-32B6-3357-9132-BAC9884537C4}
		{38A6568A-F7D0-3262-BDDC-F1B85534C793} = {38A6568A-F7D0-3262-BDDC-F1B85534C793}
		{E6CCF9F0-E5B5-3137-9522-C9FCFB299B25} = {E6CCF9F0-E5B5-3137-9522-C9FCFB299B25}
		{D861BADC-12CC-39B5-89A4-3C529D84B162} = {D861BADC-12CC-39B5-89A4-3C529D84B162}
	EndProjectSection
EndProject
Project("{8BC9CEB8-8B4A-11D0-8D11-00A0C91BC942}") = "INSTALL", "INSTALL.vcxproj", "{E5557E0E-B848-3FA7-BB68-97758C5408DF}"
	ProjectSection(ProjectDependencies) = postProject
		{10BB28EF-A44A-3E5B-A80F-309EB88CB176} = {10BB28EF-A44A-3E5B-A80F-309EB88CB176}
		{6540177F-E8BB-3DCB-8801-F097A3F3F159} = {6540177F-E8BB-3DCB-8801-F097A3F3F159}
	EndProjectSection
EndProject
Project("{8BC9CEB8-8B4A-11D0-8D11-00A0C91BC942}") = "ZERO_CHECK", "ZERO_CHECK.vcxproj", "{6540177F-E8BB-3DCB-8801-F097A3F3F159}"
	ProjectSection(ProjectDependencies) = postProject
	EndProjectSection
EndProject
Project("{8BC9CEB8-8B4A-11D0-8D11-00A0C91BC942}") = "example1", "nanogui\example1.vcxproj", "{A346D386-C25E-3E54-9B92-46B26B315C81}"
	ProjectSection(ProjectDependencies) = postProject
		{6540177F-E8BB-3DCB-8801-F097A3F3F159} = {6540177F-E8BB-3DCB-8801-F097A3F3F159}
		{06084B92-32B6-3357-9132-BAC9884537C4} = {06084B92-32B6-3357-9132-BAC9884537C4}
	EndProjectSection
EndProject
Project("{8BC9CEB8-8B4A-11D0-8D11-00A0C91BC942}") = "example2", "nanogui\example2.vcxproj", "{B1809B88-B1EC-33FE-91DA-49287037693D}"
	ProjectSection(ProjectDependencies) = postProject
		{6540177F-E8BB-3DCB-8801-F097A3F3F159} = {6540177F-E8BB-3DCB-8801-F097A3F3F159}
		{06084B92-32B6-3357-9132-BAC9884537C4} = {06084B92-32B6-3357-9132-BAC9884537C4}
	EndProjectSection
EndProject
Project("{8BC9CEB8-8B4A-11D0-8D11-00A0C91BC942}") = "example3", "nanogui\example3.vcxproj", "{8139573F-80C2-310F-94E0-EA3FA7DBE51A}"
	ProjectSection(ProjectDependencies) = postProject
		{6540177F-E8BB-3DCB-8801-F097A3F3F159} = {6540177F-E8BB-3DCB-8801-F097A3F3F159}
		{06084B92-32B6-3357-9132-BAC9884537C4} = {06084B92-32B6-3357-9132-BAC9884537C4}
	EndProjectSection
EndProject
Project("{8BC9CEB8-8B4A-11D0-8D11-00A0C91BC942}") = "example4", "nanogui\example4.vcxproj", "{8E39A82B-6A7E-3637-B4B3-E0DFF876DD80}"
	ProjectSection(ProjectDependencies) = postProject
		{6540177F-E8BB-3DCB-8801-F097A3F3F159} = {6540177F-E8BB-3DCB-8801-F097A3F3F159}
		{06084B92-32B6-3357-9132-BAC9884537C4} = {06084B92-32B6-3357-9132-BAC9884537C4}
	EndProjectSection
EndProject
Project("{8BC9CEB8-8B4A-11D0-8D11-00A0C91BC942}") = "example_icons", "nanogui\example_icons.vcxproj", "{84C01708-FD07-3409-B202-58EFD2D2E5DA}"
	ProjectSection(ProjectDependencies) = postProject
		{6540177F-E8BB-3DCB-8801-F097A3F3F159} = {6540177F-E8BB-3DCB-8801-F097A3F3F159}
		{06084B92-32B6-3357-9132-BAC9884537C4} = {06084B92-32B6-3357-9132-BAC9884537C4}
	EndProjectSection
EndProject
Project("{8BC9CEB8-8B4A-11D0-8D11-00A0C91BC942}") = "glfw", "nanogui\ext_build\glfw\src\glfw.vcxproj", "{51563565-81B0-3A00-9425-F413AF9C93FE}"
	ProjectSection(ProjectDependencies) = postProject
		{6540177F-E8BB-3DCB-8801-F097A3F3F159} = {6540177F-E8BB-3DCB-8801-F097A3F3F159}
		{B6DAD5FB-84AA-38D3-AEA6-5D64D491C55E} = {B6DAD5FB-84AA-38D3-AEA6-5D64D491C55E}
	EndProjectSection
EndProject
Project("{8BC9CEB8-8B4A-11D0-8D11-00A0C91BC942}") = "glfw_objects", "nanogui\ext_build\glfw\src\glfw_objects.vcxproj", "{B6DAD5FB-84AA-38D3-AEA6-5D64D491C55E}"
	ProjectSection(ProjectDependencies) = postProject
		{6540177F-E8BB-3DCB-8801-F097A3F3F159} = {6540177F-E8BB-3DCB-8801-F097A3F3F159}
	EndProjectSection
EndProject
Project("{8BC9CEB8-8B4A-11D0-8D11-00A0C91BC942}") = "nanogui", "nanogui\nanogui.vcxproj", "{06084B92-32B6-3357-9132-BAC9884537C4}"
	ProjectSection(ProjectDependencies) = postProject
		{6540177F-E8BB-3DCB-8801-F097A3F3F159} = {6540177F-E8BB-3DCB-8801-F097A3F3F159}
		{B6DAD5FB-84AA-38D3-AEA6-5D64D491C55E} = {B6DAD5FB-84AA-38D3-AEA6-5D64D491C55E}
		{38A6568A-F7D0-3262-BDDC-F1B85534C793} = {38A6568A-F7D0-3262-BDDC-F1B85534C793}
	EndProjectSection
EndProject
Project("{8BC9CEB8-8B4A-11D0-8D11-00A0C91BC942}") = "nanogui-obj", "nanogui\nanogui-obj.vcxproj", "{38A6568A-F7D0-3262-BDDC-F1B85534C793}"
	ProjectSection(ProjectDependencies) = postProject
		{6540177F-E8BB-3DCB-8801-F097A3F3F159} = {6540177F-E8BB-3DCB-8801-F097A3F3F159}
	EndProjectSection
EndProject
Project("{8BC9CEB8-8B4A-11D0-8D11-00A0C91BC942}") = "nanosandbox", "nanosandbox.vcxproj", "{E6CCF9F0-E5B5-3137-9522-C9FCFB299B25}"
	ProjectSection(ProjectDependencies) = postProject
		{6540177F-E8BB-3DCB-8801-F097A3F3F159} = {6540177F-E8BB-3DCB-8801-F097A3F3F159}
		{06084B92-32B6-3357-9132-BAC9884537C4} = {06084B92-32B6-3357-9132-BAC9884537C4}
	EndProjectSection
EndProject
Project("{8BC9CEB8-8B4A-11D0-8D11-00A0C91BC942}") = "testProjectSPH", "testProjectSPH.vcxproj", "{D861BADC-12CC-39B5-89A4-3C529D84B162}"
	ProjectSection(ProjectDependencies) = postProject
		{6540177F-E8BB-3DCB-8801-F097A3F3F159} = {6540177F-E8BB-3DCB-8801-F097A3F3F159}
	EndProjectSection
EndProject
Global
	GlobalSection(SolutionConfigurationPlatforms) = preSolution
		Debug|x64 = Debug|x64
		Release|x64 = Release|x64
		MinSizeRel|x64 = MinSizeRel|x64
		RelWithDebInfo|x64 = RelWithDebInfo|x64
	EndGlobalSection
	GlobalSection(ProjectConfigurationPlatforms) = postSolution
		{10BB28EF-A44A-3E5B-A80F-309EB88CB176}.Debug|x64.ActiveCfg = Debug|x64
		{10BB28EF-A44A-3E5B-A80F-309EB88CB176}.Debug|x64.Build.0 = Debug|x64
		{10BB28EF-A44A-3E5B-A80F-309EB88CB176}.Release|x64.ActiveCfg = Release|x64
		{10BB28EF-A44A-3E5B-A80F-309EB88CB176}.Release|x64.Build.0 = Release|x64
		{10BB28EF-A44A-3E5B-A80F-309EB88CB176}.MinSizeRel|x64.ActiveCfg = MinSizeRel|x64
		{10BB28EF-A44A-3E5B-A80F-309EB88CB176}.MinSizeRel|x64.Build.0 = MinSizeRel|x64
		{10BB28EF-A44A-3E5B-A80F-309EB88CB176}.RelWithDebInfo|x64.ActiveCfg = RelWithDebInfo|x64
		{10BB28EF-A44A-3E5B-A80F-309EB88CB176}.RelWithDebInfo|x64.Build.0 = RelWithDebInfo|x64
		{E5557E0E-B848-3FA7-BB68-97758C5408DF}.Debug|x64.ActiveCfg = Debug|x64
		{E5557E0E-B848-3FA7-BB68-97758C5408DF}.Release|x64.ActiveCfg = Release|x64
		{E5557E0E-B848-3FA7-BB68-97758C5408DF}.MinSizeRel|x64.ActiveCfg = MinSizeRel|x64
		{E5557E0E-B848-3FA7-BB68-97758C5408DF}.RelWithDebInfo|x64.ActiveCfg = RelWithDebInfo|x64
		{6540177F-E8BB-3DCB-8801-F097A3F3F159}.Debug|x64.ActiveCfg = Debug|x64
		{6540177F-E8BB-3DCB-8801-F097A3F3F159}.Debug|x64.Build.0 = Debug|x64
		{6540177F-E8BB-3DCB-8801-F097A3F3F159}.Release|x64.ActiveCfg = Release|x64
		{6540177F-E8BB-3DCB-8801-F097A3F3F159}.Release|x64.Build.0 = Release|x64
		{6540177F-E8BB-3DCB-8801-F097A3F3F159}.MinSizeRel|x64.ActiveCfg = MinSizeRel|x64
		{6540177F-E8BB-3DCB-8801-F097A3F3F159}.MinSizeRel|x64.Build.0 = MinSizeRel|x64
		{6540177F-E8BB-3DCB-8801-F097A3F3F159}.RelWithDebInfo|x64.ActiveCfg = RelWithDebInfo|x64
		{6540177F-E8BB-3DCB-8801-F097A3F3F159}.RelWithDebInfo|x64.Build.0 = RelWithDebInfo|x64
		{A346D386-C25E-3E54-9B92-46B26B315C81}.Debug|x64.ActiveCfg = Debug|x64
		{A346D386-C25E-3E54-9B92-46B26B315C81}.Debug|x64.Build.0 = Debug|x64
		{A346D386-C25E-3E54-9B92-46B26B315C81}.Release|x64.ActiveCfg = Release|x64
		{A346D386-C25E-3E54-9B92-46B26B315C81}.Release|x64.Build.0 = Release|x64
		{A346D386-C25E-3E54-9B92-46B26B315C81}.MinSizeRel|x64.ActiveCfg = MinSizeRel|x64
		{A346D386-C25E-3E54-9B92-46B26B315C81}.MinSizeRel|x64.Build.0 = MinSizeRel|x64
		{A346D386-C25E-3E54-9B92-46B26B315C81}.RelWithDebInfo|x64.ActiveCfg = RelWithDebInfo|x64
		{A346D386-C25E-3E54-9B92-46B26B315C81}.RelWithDebInfo|x64.Build.0 = RelWithDebInfo|x64
		{B1809B88-B1EC-33FE-91DA-49287037693D}.Debug|x64.ActiveCfg = Debug|x64
		{B1809B88-B1EC-33FE-91DA-49287037693D}.Debug|x64.Build.0 = Debug|x64
		{B1809B88-B1EC-33FE-91DA-49287037693D}.Release|x64.ActiveCfg = Release|x64
		{B1809B88-B1EC-33FE-91DA-49287037693D}.Release|x64.Build.0 = Release|x64
		{B1809B88-B1EC-33FE-91DA-49287037693D}.MinSizeRel|x64.ActiveCfg = MinSizeRel|x64
		{B1809B88-B1EC-33FE-91DA-49287037693D}.MinSizeRel|x64.Build.0 = MinSizeRel|x64
		{B1809B88-B1EC-33FE-91DA-49287037693D}.RelWithDebInfo|x64.ActiveCfg = RelWithDebInfo|x64
		{B1809B88-B1EC-33FE-91DA-49287037693D}.RelWithDebInfo|x64.Build.0 = RelWithDebInfo|x64
		{8139573F-80C2-310F-94E0-EA3FA7DBE51A}.Debug|x64.ActiveCfg = Debug|x64
		{8139573F-80C2-310F-94E0-EA3FA7DBE51A}.Debug|x64.Build.0 = Debug|x64
		{8139573F-80C2-310F-94E0-EA3FA7DBE51A}.Release|x64.ActiveCfg = Release|x64
		{8139573F-80C2-310F-94E0-EA3FA7DBE51A}.Release|x64.Build.0 = Release|x64
		{8139573F-80C2-310F-94E0-EA3FA7DBE51A}.MinSizeRel|x64.ActiveCfg = MinSizeRel|x64
		{8139573F-80C2-310F-94E0-EA3FA7DBE51A}.MinSizeRel|x64.Build.0 = MinSizeRel|x64
		{8139573F-80C2-310F-94E0-EA3FA7DBE51A}.RelWithDebInfo|x64.ActiveCfg = RelWithDebInfo|x64
		{8139573F-80C2-310F-94E0-EA3FA7DBE51A}.RelWithDebInfo|x64.Build.0 = RelWithDebInfo|x64
		{8E39A82B-6A7E-3637-B4B3-E0DFF876DD80}.Debug|x64.ActiveCfg = Debug|x64
		{8E39A82B-6A7E-3637-B4B3-E0DFF876DD80}.Debug|x64.Build.0 = Debug|x64
		{8E39A82B-6A7E-3637-B4B3-E0DFF876DD80}.Release|x64.ActiveCfg = Release|x64
		{8E39A82B-6A7E-3637-B4B3-E0DFF876DD80}.Release|x64.Build.0 = Release|x64
		{8E39A82B-6A7E-3637-B4B3-E0DFF876DD80}.MinSizeRel|x64.ActiveCfg = MinSizeRel|x64
		{8E39A82B-6A7E-3637-B4B3-E0DFF876DD80}.MinSizeRel|x64.Build.0 = MinSizeRel|x64
		{8E39A82B-6A7E-3637-B4B3-E0DFF876DD80}.RelWithDebInfo|x64.ActiveCfg = RelWithDebInfo|x64
		{8E39A82B-6A7E-3637-B4B3-E0DFF876DD80}.RelWithDebInfo|x64.Build.0 = RelWithDebInfo|x64
		{84C01708-FD07-3409-B202-58EFD2D2E5DA}.Debug|x64.ActiveCfg = Debug|x64
		{84C01708-FD07-3409-B202-58EFD2D2E5DA}.Debug|x64.Build.0 = Debug|x64
		{84C01708-FD07-3409-B202-58EFD2D2E5DA}.Release|x64.ActiveCfg = Release|x64
		{84C01708-FD07-3409-B202-58EFD2D2E5DA}.Release|x64.Build.0 = Release|x64
		{84C01708-FD07-3409-B202-58EFD2D2E5DA}.MinSizeRel|x64.ActiveCfg = MinSizeRel|x64
		{84C01708-FD07-3409-B202-58EFD2D2E5DA}.MinSizeRel|x64.Build.0 = MinSizeRel|x64
		{84C01708-FD07-3409-B202-58EFD2D2E5DA}.RelWithDebInfo|x64.ActiveCfg = RelWithDebInfo|x64
		{84C01708-FD07-3409-B202-58EFD2D2E5DA}.RelWithDebInfo|x64.Build.0 = RelWithDebInfo|x64
		{51563565-81B0-3A00-9425-F413AF9C93FE}.Debug|x64.ActiveCfg = Debug|x64
		{51563565-81B0-3A00-9425-F413AF9C93FE}.Release|x64.ActiveCfg = Release|x64
		{51563565-81B0-3A00-9425-F413AF9C93FE}.MinSizeRel|x64.ActiveCfg = MinSizeRel|x64
		{51563565-81B0-3A00-9425-F413AF9C93FE}.RelWithDebInfo|x64.ActiveCfg = RelWithDebInfo|x64
		{B6DAD5FB-84AA-38D3-AEA6-5D64D491C55E}.Debug|x64.ActiveCfg = Debug|x64
		{B6DAD5FB-84AA-38D3-AEA6-5D64D491C55E}.Debug|x64.Build.0 = Debug|x64
		{B6DAD5FB-84AA-38D3-AEA6-5D64D491C55E}.Release|x64.ActiveCfg = Release|x64
		{B6DAD5FB-84AA-38D3-AEA6-5D64D491C55E}.Release|x64.Build.0 = Release|x64
		{B6DAD5FB-84AA-38D3-AEA6-5D64D491C55E}.MinSizeRel|x64.ActiveCfg = MinSizeRel|x64
		{B6DAD5FB-84AA-38D3-AEA6-5D64D491C55E}.MinSizeRel|x64.Build.0 = MinSizeRel|x64
		{B6DAD5FB-84AA-38D3-AEA6-5D64D491C55E}.RelWithDebInfo|x64.ActiveCfg = RelWithDebInfo|x64
		{B6DAD5FB-84AA-38D3-AEA6-5D64D491C55E}.RelWithDebInfo|x64.Build.0 = RelWithDebInfo|x64
		{06084B92-32B6-3357-9132-BAC9884537C4}.Debug|x64.ActiveCfg = Debug|x64
		{06084B92-32B6-3357-9132-BAC9884537C4}.Debug|x64.Build.0 = Debug|x64
		{06084B92-32B6-3357-9132-BAC9884537C4}.Release|x64.ActiveCfg = Release|x64
		{06084B92-32B6-3357-9132-BAC9884537C4}.Release|x64.Build.0 = Release|x64
		{06084B92-32B6-3357-9132-BAC9884537C4}.MinSizeRel|x64.ActiveCfg = MinSizeRel|x64
		{06084B92-32B6-3357-9132-BAC9884537C4}.MinSizeRel|x64.Build.0 = MinSizeRel|x64
		{06084B92-32B6-3357-9132-BAC9884537C4}.RelWithDebInfo|x64.ActiveCfg = RelWithDebInfo|x64
		{06084B92-32B6-3357-9132-BAC9884537C4}.RelWithDebInfo|x64.Build.0 = RelWithDebInfo|x64
		{38A6568A-F7D0-3262-BDDC-F1B85534C793}.Debug|x64.ActiveCfg = Debug|x64
		{38A6568A-F7D0-3262-BDDC-F1B85534C793}.Debug|x64.Build.0 = Debug|x64
		{38A6568A-F7D0-3262-BDDC-F1B85534C793}.Release|x64.ActiveCfg = Release|x64
		{38A6568A-F7D0-3262-BDDC-F1B85534C793}.Release|x64.Build.0 = Release|x64
		{38A6568A-F7D0-3262-BDDC-F1B85534C793}.MinSizeRel|x64.ActiveCfg = MinSizeRel|x64
		{38A6568A-F7D0-3262-BDDC-F1B85534C793}.MinSizeRel|x64.Build.0 = MinSizeRel|x64
		{38A6568A-F7D0-3262-BDDC-F1B85534C793}.RelWithDebInfo|x64.ActiveCfg = RelWithDebInfo|x64
		{38A6568A-F7D0-3262-BDDC-F1B85534C793}.RelWithDebInfo|x64.Build.0 = RelWithDebInfo|x64
		{E6CCF9F0-E5B5-3137-9522-C9FCFB299B25}.Debug|x64.ActiveCfg = Debug|x64
		{E6CCF9F0-E5B5-3137-9522-C9FCFB299B25}.Debug|x64.Build.0 = Debug|x64
		{E6CCF9F0-E5B5-3137-9522-C9FCFB299B25}.Release|x64.ActiveCfg = Release|x64
		{E6CCF9F0-E5B5-3137-9522-C9FCFB299B25}.Release|x64.Build.0 = Release|x64
		{E6CCF9F0-E5B5-3137-9522-C9FCFB299B25}.MinSizeRel|x64.ActiveCfg = MinSizeRel|x64
		{E6CCF9F0-E5B5-3137-9522-C9FCFB299B25}.MinSizeRel|x64.Build.0 = MinSizeRel|x64
		{E6CCF9F0-E5B5-3137-9522-C9FCFB299B25}.RelWithDebInfo|x64.ActiveCfg = RelWithDebInfo|x64
		{E6CCF9F0-E5B5-3137-9522-C9FCFB299B25}.RelWithDebInfo|x64.Build.0 = RelWithDebInfo|x64
		{D861BADC-12CC-39B5-89A4-3C529D84B162}.Debug|x64.ActiveCfg = Debug|x64
		{D861BADC-12CC-39B5-89A4-3C529D84B162}.Debug|x64.Build.0 = Debug|x64
		{D861BADC-12CC-39B5-89A4-3C529D84B162}.Release|x64.ActiveCfg = Release|x64
		{D861BADC-12CC-39B5-89A4-3C529D84B162}.Release|x64.Build.0 = Release|x64
		{D861BADC-12CC-39B5-89A4-3C529D84B162}.MinSizeRel|x64.ActiveCfg = MinSizeRel|x64
		{D861BADC-12CC-39B5-89A4-3C529D84B162}.MinSizeRel|x64.Build.0 = MinSizeRel|x64
		{D861BADC-12CC-39B5-89A4-3C529D84B162}.RelWithDebInfo|x64.ActiveCfg = RelWithDebInfo|x64
		{D861BADC-12CC-39B5-89A4-3C529D84B162}.RelWithDebInfo|x64.Build.0 = RelWithDebInfo|x64
	EndGlobalSection
	GlobalSection(NestedProjects) = preSolution
		{10BB28EF-A44A-3E5B-A80F-309EB88CB176} = {95D26B37-2861-3717-A589-990B09E4C777}
		{E5557E0E-B848-3FA7-BB68-97758C5408DF} = {95D26B37-2861-3717-A589-990B09E4C777}
		{6540177F-E8BB-3DCB-8801-F097A3F3F159} = {95D26B37-2861-3717-A589-990B09E4C777}
	EndGlobalSection
	GlobalSection(ExtensibilityGlobals) = postSolution
		SolutionGuid = {43016477-578E-33F0-8840-D5E22889EB5C}
	EndGlobalSection
	GlobalSection(ExtensibilityAddIns) = postSolution
	EndGlobalSection
EndGlobal
