<?xml version="1.0" encoding="utf-8"?>
<Project ToolsVersion="17.0" xmlns="http://schemas.microsoft.com/developer/msbuild/2003">
  <ItemGroup>
    <CustomBuild Include="C:\Users\admin\dev\SPHImplementation\TEST\testProjectSPH\_build\CMakeFiles\aa64f7fb46b5f78c2633fa831d336fd8\generate.stamp.rule">
      <Filter>CMake Rules</Filter>
    </CustomBuild>
  </ItemGroup>
  <ItemGroup>
    <Filter Include="CMake Rules">
      <UniqueIdentifier>{B6583093-0766-39F1-8635-ECB273D4A059}</UniqueIdentifier>
    </Filter>
  </ItemGroup>
</Project>
